
Microsoft Visual Studio Solution File, Format Version 12.00
# Visual Studio 15
VisualStudioVersion = 15.0.26403.7
MinimumVisualStudioVersion = 15.0.26124.0
Project("{2150E333-8FDC-42A3-9474-1A3956D46DE8}") = "src", "src", "{672967DB-D912-4E63-BEFE-50DC7DE615B0}"
EndProject
Project("{2150E333-8FDC-42A3-9474-1A3956D46DE8}") = "test", "test", "{8D93833B-3317-4E6D-B77B-EC094132F157}"
EndProject
Project("{9A19103F-16F7-4668-BE54-9A1E7A4F7556}") = "Ofl.Extensions.NodaTime", "src\Ofl.Extensions.NodaTime\Ofl.Extensions.NodaTime.csproj", "{289BE16A-618B-4F8B-8D6F-86CB27DAECEC}"
EndProject
Project("{9A19103F-16F7-4668-BE54-9A1E7A4F7556}") = "Ofl.Extensions.NodaTime.Tests", "test\Ofl.Extensions.NodaTime.Tests\Ofl.Extensions.NodaTime.Tests.csproj", "{07C636F2-1539-47D5-BDF1-179C11FDFE65}"
EndProject
Global
	GlobalSection(SolutionConfigurationPlatforms) = preSolution
		Debug|Any CPU = Debug|Any CPU
		Debug|x64 = Debug|x64
		Debug|x86 = Debug|x86
		Release|Any CPU = Release|Any CPU
		Release|x64 = Release|x64
		Release|x86 = Release|x86
	EndGlobalSection
	GlobalSection(ProjectConfigurationPlatforms) = postSolution
		{289BE16A-618B-4F8B-8D6F-86CB27DAECEC}.Debug|Any CPU.ActiveCfg = Debug|Any CPU
		{289BE16A-618B-4F8B-8D6F-86CB27DAECEC}.Debug|Any CPU.Build.0 = Debug|Any CPU
		{289BE16A-618B-4F8B-8D6F-86CB27DAECEC}.Debug|x64.ActiveCfg = Debug|Any CPU
		{289BE16A-618B-4F8B-8D6F-86CB27DAECEC}.Debug|x64.Build.0 = Debug|Any CPU
		{289BE16A-618B-4F8B-8D6F-86CB27DAECEC}.Debug|x86.ActiveCfg = Debug|Any CPU
		{289BE16A-618B-4F8B-8D6F-86CB27DAECEC}.Debug|x86.Build.0 = Debug|Any CPU
		{289BE16A-618B-4F8B-8D6F-86CB27DAECEC}.Release|Any CPU.ActiveCfg = Release|Any CPU
		{289BE16A-618B-4F8B-8D6F-86CB27DAECEC}.Release|Any CPU.Build.0 = Release|Any CPU
		{289BE16A-618B-4F8B-8D6F-86CB27DAECEC}.Release|x64.ActiveCfg = Release|Any CPU
		{289BE16A-618B-4F8B-8D6F-86CB27DAECEC}.Release|x64.Build.0 = Release|Any CPU
		{289BE16A-618B-4F8B-8D6F-86CB27DAECEC}.Release|x86.ActiveCfg = Release|Any CPU
		{289BE16A-618B-4F8B-8D6F-86CB27DAECEC}.Release|x86.Build.0 = Release|Any CPU
		{07C636F2-1539-47D5-BDF1-179C11FDFE65}.Debug|Any CPU.ActiveCfg = Debug|Any CPU
		{07C636F2-1539-47D5-BDF1-179C11FDFE65}.Debug|Any CPU.Build.0 = Debug|Any CPU
		{07C636F2-1539-47D5-BDF1-179C11FDFE65}.Debug|x64.ActiveCfg = Debug|Any CPU
		{07C636F2-1539-47D5-BDF1-179C11FDFE65}.Debug|x64.Build.0 = Debug|Any CPU
		{07C636F2-1539-47D5-BDF1-179C11FDFE65}.Debug|x86.ActiveCfg = Debug|Any CPU
		{07C636F2-1539-47D5-BDF1-179C11FDFE65}.Debug|x86.Build.0 = Debug|Any CPU
		{07C636F2-1539-47D5-BDF1-179C11FDFE65}.Release|Any CPU.ActiveCfg = Release|Any CPU
		{07C636F2-1539-47D5-BDF1-179C11FDFE65}.Release|Any CPU.Build.0 = Release|Any CPU
		{07C636F2-1539-47D5-BDF1-179C11FDFE65}.Release|x64.ActiveCfg = Release|Any CPU
		{07C636F2-1539-47D5-BDF1-179C11FDFE65}.Release|x64.Build.0 = Release|Any CPU
		{07C636F2-1539-47D5-BDF1-179C11FDFE65}.Release|x86.ActiveCfg = Release|Any CPU
		{07C636F2-1539-47D5-BDF1-179C11FDFE65}.Release|x86.Build.0 = Release|Any CPU
	EndGlobalSection
	GlobalSection(SolutionProperties) = preSolution
		HideSolutionNode = FALSE
	EndGlobalSection
	GlobalSection(NestedProjects) = preSolution
		{289BE16A-618B-4F8B-8D6F-86CB27DAECEC} = {672967DB-D912-4E63-BEFE-50DC7DE615B0}
		{07C636F2-1539-47D5-BDF1-179C11FDFE65} = {8D93833B-3317-4E6D-B77B-EC094132F157}
	EndGlobalSection
EndGlobal
